
Microsoft Visual Studio Solution File, Format Version 12.00
# Visual Studio Version 16
VisualStudioVersion = 16.0.31729.503
MinimumVisualStudioVersion = 10.0.40219.1
Project("{FAE04EC0-301F-11D3-BF4B-00C04F79EFBC}") = "reactor-crwUI", "reactor-crwUI\reactor-crwUI.csproj", "{5CF431ED-072A-4856-A557-BBE9A6E4482A}"
EndProject
Global
	GlobalSection(SolutionConfigurationPlatforms) = preSolution
		Debug|Any CPU = Debug|Any CPU
		Release|Any CPU = Release|Any CPU
	EndGlobalSection
	GlobalSection(ProjectConfigurationPlatforms) = postSolution
		{5CF431ED-072A-4856-A557-BBE9A6E4482A}.Debug|Any CPU.ActiveCfg = Debug|Any CPU
		{5CF431ED-072A-4856-A557-BBE9A6E4482A}.Debug|Any CPU.Build.0 = Debug|Any CPU
		{5CF431ED-072A-4856-A557-BBE9A6E4482A}.Release|Any CPU.ActiveCfg = Release|Any CPU
		{5CF431ED-072A-4856-A557-BBE9A6E4482A}.Release|Any CPU.Build.0 = Release|Any CPU
	EndGlobalSection
	GlobalSection(SolutionProperties) = preSolution
		HideSolutionNode = FALSE
	EndGlobalSection
	GlobalSection(ExtensibilityGlobals) = postSolution
		SolutionGuid = {51F914E1-4283-4E20-AFEB-6C72623B5F0C}
	EndGlobalSection
EndGlobal
