
Microsoft Visual Studio Solution File, Format Version 12.00
# Visual Studio Version 17
VisualStudioVersion = 17.1.32104.313
MinimumVisualStudioVersion = 10.0.40219.1
Project("{9A19103F-16F7-4668-BE54-9A1E7A4F7556}") = "r-crwUI-A", "r-crwUI-A\r-crwUI-A.csproj", "{D2F7963E-364F-40F9-B316-D10BB968FDC4}"
EndProject
Global
	GlobalSection(SolutionConfigurationPlatforms) = preSolution
		Debug|Any CPU = Debug|Any CPU
		Release|Any CPU = Release|Any CPU
	EndGlobalSection
	GlobalSection(ProjectConfigurationPlatforms) = postSolution
		{D2F7963E-364F-40F9-B316-D10BB968FDC4}.Debug|Any CPU.ActiveCfg = Debug|Any CPU
		{D2F7963E-364F-40F9-B316-D10BB968FDC4}.Debug|Any CPU.Build.0 = Debug|Any CPU
		{D2F7963E-364F-40F9-B316-D10BB968FDC4}.Release|Any CPU.ActiveCfg = Release|Any CPU
		{D2F7963E-364F-40F9-B316-D10BB968FDC4}.Release|Any CPU.Build.0 = Release|Any CPU
	EndGlobalSection
	GlobalSection(SolutionProperties) = preSolution
		HideSolutionNode = FALSE
	EndGlobalSection
	GlobalSection(ExtensibilityGlobals) = postSolution
		SolutionGuid = {51F914E1-4283-4E20-AFEB-6C72623B5F0C}
	EndGlobalSection
EndGlobal
